
Microsoft Visual Studio Solution File, Format Version 12.00
# Visual Studio Version 17
VisualStudioVersion = 17.0.31903.59
MinimumVisualStudioVersion = 10.0.40219.1
Project("{FAE04EC0-301F-11D3-BF4B-00C04F79EFBC}") = "UserLoginService", "UserLoginService\UserLoginService.csproj", "{6F5EC895-3EE4-027D-81A5-D2CAB605D7C6}"
EndProject
Project("{FAE04EC0-301F-11D3-BF4B-00C04F79EFBC}") = "UserLoginClient", "UserLoginClient\UserLoginClient.csproj", "{EDC17741-20BD-E34F-58F3-BD8135425085}"
EndProject
Project("{2150E333-8FDC-42A3-9474-1A3956D46DE8}") = "Solution Items", "Solution Items", "{8EC462FD-D22E-90A8-E5CE-7E832BA40C5D}"
	ProjectSection(SolutionItems) = preProject
		docker-compose.yml = docker-compose.yml
	EndProjectSection
EndProject
Global
	GlobalSection(SolutionConfigurationPlatforms) = preSolution
		Debug|Any CPU = Debug|Any CPU
		Release|Any CPU = Release|Any CPU
	EndGlobalSection
	GlobalSection(ProjectConfigurationPlatforms) = postSolution
		{6F5EC895-3EE4-027D-81A5-D2CAB605D7C6}.Debug|Any CPU.ActiveCfg = Debug|Any CPU
		{6F5EC895-3EE4-027D-81A5-D2CAB605D7C6}.Debug|Any CPU.Build.0 = Debug|Any CPU
		{6F5EC895-3EE4-027D-81A5-D2CAB605D7C6}.Release|Any CPU.ActiveCfg = Release|Any CPU
		{6F5EC895-3EE4-027D-81A5-D2CAB605D7C6}.Release|Any CPU.Build.0 = Release|Any CPU
		{EDC17741-20BD-E34F-58F3-BD8135425085}.Debug|Any CPU.ActiveCfg = Debug|Any CPU
		{EDC17741-20BD-E34F-58F3-BD8135425085}.Debug|Any CPU.Build.0 = Debug|Any CPU
		{EDC17741-20BD-E34F-58F3-BD8135425085}.Release|Any CPU.ActiveCfg = Release|Any CPU
		{EDC17741-20BD-E34F-58F3-BD8135425085}.Release|Any CPU.Build.0 = Release|Any CPU
	EndGlobalSection
	GlobalSection(SolutionProperties) = preSolution
		HideSolutionNode = FALSE
	EndGlobalSection
	GlobalSection(ExtensibilityGlobals) = postSolution
		SolutionGuid = {EF880277-F872-4D5E-85A9-4840B0C95CE3}
	EndGlobalSection
EndGlobal
